
Microsoft Visual Studio Solution File, Format Version 12.00
# Visual Studio Version 16
VisualStudioVersion = 16.0.30104.148
MinimumVisualStudioVersion = 10.0.40219.1
Project("{2150E333-8FDC-42A3-9474-1A3956D46DE8}") = "Microservices", "Microservices", "{5FE54B4C-3894-450B-800F-0F8277EE2180}"
EndProject
Project("{2150E333-8FDC-42A3-9474-1A3956D46DE8}") = "Infra.Bus", "Infra.Bus", "{FEE96549-353F-4EAA-A6EC-8A9196CAFB74}"
EndProject
Project("{2150E333-8FDC-42A3-9474-1A3956D46DE8}") = "Infra.IoC", "Infra.IoC", "{110DEA55-2963-407F-A1D7-379D432AE2C3}"
EndProject
Project("{2150E333-8FDC-42A3-9474-1A3956D46DE8}") = "Domain", "Domain", "{674E18E5-1EF4-403A-8D9E-5496B0282151}"
EndProject
Project("{2150E333-8FDC-42A3-9474-1A3956D46DE8}") = "Presentation", "Presentation", "{F35F8F1B-5A0C-4F27-91BF-089DE52C6EC5}"
EndProject
Project("{FAE04EC0-301F-11D3-BF4B-00C04F79EFBC}") = "MicroRabbit.Domain.Core", "MicroRabbit.Domain.Core\MicroRabbit.Domain.Core.csproj", "{0C3727ED-308D-48CD-A8DB-F04252DC3E08}"
EndProject
Project("{FAE04EC0-301F-11D3-BF4B-00C04F79EFBC}") = "MicroRabbit.Infra.Bus", "MicroRabbit.Infra.Bus\MicroRabbit.Infra.Bus.csproj", "{6C2D82B9-940F-41F2-8AEC-647748572CB3}"
EndProject
Project("{FAE04EC0-301F-11D3-BF4B-00C04F79EFBC}") = "MicroRabbit.Infra.IoC", "MicroRabbit.Infra.IoC\MicroRabbit.Infra.IoC.csproj", "{CC422162-C28F-4541-BDAA-86D76DB4ACDB}"
EndProject
Global
	GlobalSection(SolutionConfigurationPlatforms) = preSolution
		Debug|Any CPU = Debug|Any CPU
		Release|Any CPU = Release|Any CPU
	EndGlobalSection
	GlobalSection(ProjectConfigurationPlatforms) = postSolution
		{0C3727ED-308D-48CD-A8DB-F04252DC3E08}.Debug|Any CPU.ActiveCfg = Debug|Any CPU
		{0C3727ED-308D-48CD-A8DB-F04252DC3E08}.Debug|Any CPU.Build.0 = Debug|Any CPU
		{0C3727ED-308D-48CD-A8DB-F04252DC3E08}.Release|Any CPU.ActiveCfg = Release|Any CPU
		{0C3727ED-308D-48CD-A8DB-F04252DC3E08}.Release|Any CPU.Build.0 = Release|Any CPU
		{6C2D82B9-940F-41F2-8AEC-647748572CB3}.Debug|Any CPU.ActiveCfg = Debug|Any CPU
		{6C2D82B9-940F-41F2-8AEC-647748572CB3}.Debug|Any CPU.Build.0 = Debug|Any CPU
		{6C2D82B9-940F-41F2-8AEC-647748572CB3}.Release|Any CPU.ActiveCfg = Release|Any CPU
		{6C2D82B9-940F-41F2-8AEC-647748572CB3}.Release|Any CPU.Build.0 = Release|Any CPU
		{CC422162-C28F-4541-BDAA-86D76DB4ACDB}.Debug|Any CPU.ActiveCfg = Debug|Any CPU
		{CC422162-C28F-4541-BDAA-86D76DB4ACDB}.Debug|Any CPU.Build.0 = Debug|Any CPU
		{CC422162-C28F-4541-BDAA-86D76DB4ACDB}.Release|Any CPU.ActiveCfg = Release|Any CPU
		{CC422162-C28F-4541-BDAA-86D76DB4ACDB}.Release|Any CPU.Build.0 = Release|Any CPU
	EndGlobalSection
	GlobalSection(SolutionProperties) = preSolution
		HideSolutionNode = FALSE
	EndGlobalSection
	GlobalSection(NestedProjects) = preSolution
		{0C3727ED-308D-48CD-A8DB-F04252DC3E08} = {674E18E5-1EF4-403A-8D9E-5496B0282151}
		{6C2D82B9-940F-41F2-8AEC-647748572CB3} = {FEE96549-353F-4EAA-A6EC-8A9196CAFB74}
		{CC422162-C28F-4541-BDAA-86D76DB4ACDB} = {110DEA55-2963-407F-A1D7-379D432AE2C3}
	EndGlobalSection
	GlobalSection(ExtensibilityGlobals) = postSolution
		SolutionGuid = {DE53A508-D806-4CB8-9DF1-4E69FB64369C}
	EndGlobalSection
EndGlobal
