
Microsoft Visual Studio Solution File, Format Version 12.00
# Visual Studio Version 16
VisualStudioVersion = 16.0.30104.148
MinimumVisualStudioVersion = 10.0.40219.1
Project("{2150E333-8FDC-42A3-9474-1A3956D46DE8}") = "Microservices", "Microservices", "{5FE54B4C-3894-450B-800F-0F8277EE2180}"
EndProject
Project("{2150E333-8FDC-42A3-9474-1A3956D46DE8}") = "Infra.Bus", "Infra.Bus", "{FEE96549-353F-4EAA-A6EC-8A9196CAFB74}"
EndProject
Project("{2150E333-8FDC-42A3-9474-1A3956D46DE8}") = "Infra.IoC", "Infra.IoC", "{110DEA55-2963-407F-A1D7-379D432AE2C3}"
EndProject
Project("{2150E333-8FDC-42A3-9474-1A3956D46DE8}") = "Domain", "Domain", "{674E18E5-1EF4-403A-8D9E-5496B0282151}"
EndProject
Project("{2150E333-8FDC-42A3-9474-1A3956D46DE8}") = "Presentation", "Presentation", "{F35F8F1B-5A0C-4F27-91BF-089DE52C6EC5}"
EndProject
Project("{9A19103F-16F7-4668-BE54-9A1E7A4F7556}") = "MicroRabbit.Domain.Core", "MicroRabbit.Domain.Core\MicroRabbit.Domain.Core.csproj", "{0C3727ED-308D-48CD-A8DB-F04252DC3E08}"
EndProject
Project("{9A19103F-16F7-4668-BE54-9A1E7A4F7556}") = "MicroRabbit.Infra.Bus", "MicroRabbit.Infra.Bus\MicroRabbit.Infra.Bus.csproj", "{6C2D82B9-940F-41F2-8AEC-647748572CB3}"
EndProject
Project("{9A19103F-16F7-4668-BE54-9A1E7A4F7556}") = "MicroRabbit.Infra.IoC", "MicroRabbit.Infra.IoC\MicroRabbit.Infra.IoC.csproj", "{CC422162-C28F-4541-BDAA-86D76DB4ACDB}"
EndProject
Project("{2150E333-8FDC-42A3-9474-1A3956D46DE8}") = "Banking", "Banking", "{B99F3043-DC8B-4EE2-95F3-809876A55898}"
EndProject
Project("{2150E333-8FDC-42A3-9474-1A3956D46DE8}") = "Api", "Api", "{2E90BCF8-ED50-4D14-B38F-1FCD2DF014BC}"
EndProject
Project("{2150E333-8FDC-42A3-9474-1A3956D46DE8}") = "Domain", "Domain", "{05CEC85F-1981-4B2A-BADC-8D95A3598D77}"
EndProject
Project("{2150E333-8FDC-42A3-9474-1A3956D46DE8}") = "Application", "Application", "{BEF205A5-A2F5-4D4E-9D7C-12AF9F3CDCFC}"
EndProject
Project("{2150E333-8FDC-42A3-9474-1A3956D46DE8}") = "Data", "Data", "{A3F96F8D-F306-442A-91F5-0B3EE01EA61C}"
EndProject
Project("{9A19103F-16F7-4668-BE54-9A1E7A4F7556}") = "MicroRabbit.Banking.Application", "MicroRabbit.Banking.Application\MicroRabbit.Banking.Application.csproj", "{0D89DEBE-8FB9-4829-BC7B-22D9482A7F3A}"
EndProject
Project("{9A19103F-16F7-4668-BE54-9A1E7A4F7556}") = "MicroRabbit.Banking.Data", "MicroRabbit.Banking.Data\MicroRabbit.Banking.Data.csproj", "{0246F06C-A02D-4D69-85BE-3E970C7946AC}"
EndProject
Project("{9A19103F-16F7-4668-BE54-9A1E7A4F7556}") = "MicroRabbit.Banking.Domain", "MicroRabbit.Banking.Domain\MicroRabbit.Banking.Domain.csproj", "{EF0E2C09-FB59-44FA-8C09-28FE0789381D}"
EndProject
Project("{9A19103F-16F7-4668-BE54-9A1E7A4F7556}") = "MicroRabbit.Banking.Api", "MicroRabbit.Baking.Api\MicroRabbit.Banking.Api.csproj", "{851C42D7-0B72-4582-8501-56BBC800CEBF}"
EndProject
Project("{2150E333-8FDC-42A3-9474-1A3956D46DE8}") = "Transfer", "Transfer", "{FEA39F04-44A6-421C-B01C-33AF3CF57451}"
EndProject
Project("{2150E333-8FDC-42A3-9474-1A3956D46DE8}") = "Api", "Api", "{9F262E6E-707F-44C7-BF14-14C04F13F0B9}"
EndProject
Project("{2150E333-8FDC-42A3-9474-1A3956D46DE8}") = "Application", "Application", "{94580873-DF4A-4CA8-9D55-86D9DD1ED314}"
EndProject
Project("{2150E333-8FDC-42A3-9474-1A3956D46DE8}") = "Data", "Data", "{2EA049BC-F22A-44FD-A608-56A2ACB42E9A}"
EndProject
Project("{2150E333-8FDC-42A3-9474-1A3956D46DE8}") = "Domain", "Domain", "{87857B51-1013-4A6F-859C-5B350155173D}"
EndProject
Project("{FAE04EC0-301F-11D3-BF4B-00C04F79EFBC}") = "MicroRabbit.Transfer.Api", "MicroRabbit.Transfer.Api\MicroRabbit.Transfer.Api.csproj", "{4AF5A558-5585-40ED-8995-072F7AC8E499}"
EndProject
Project("{FAE04EC0-301F-11D3-BF4B-00C04F79EFBC}") = "MicroRabbit.Transfer.Application", "MicroRabbit.Transfer.Application\MicroRabbit.Transfer.Application.csproj", "{EB70BB89-3970-4D63-A582-16B8CDF1C854}"
EndProject
Project("{FAE04EC0-301F-11D3-BF4B-00C04F79EFBC}") = "MicroRabbit.Transfer.Domain", "MicroRabbit.Transfer.Domain\MicroRabbit.Transfer.Domain.csproj", "{805BA969-9500-4148-9660-52815F07BF54}"
EndProject
Project("{FAE04EC0-301F-11D3-BF4B-00C04F79EFBC}") = "MicroRabbit.Transfer.Data", "MicroRabbit.Transfer.Data\MicroRabbit.Transfer.Data.csproj", "{74C63B25-7C68-420D-8869-FFC1888621E7}"
EndProject
Global
	GlobalSection(SolutionConfigurationPlatforms) = preSolution
		Debug|Any CPU = Debug|Any CPU
		Release|Any CPU = Release|Any CPU
	EndGlobalSection
	GlobalSection(ProjectConfigurationPlatforms) = postSolution
		{0C3727ED-308D-48CD-A8DB-F04252DC3E08}.Debug|Any CPU.ActiveCfg = Debug|Any CPU
		{0C3727ED-308D-48CD-A8DB-F04252DC3E08}.Debug|Any CPU.Build.0 = Debug|Any CPU
		{0C3727ED-308D-48CD-A8DB-F04252DC3E08}.Release|Any CPU.ActiveCfg = Release|Any CPU
		{0C3727ED-308D-48CD-A8DB-F04252DC3E08}.Release|Any CPU.Build.0 = Release|Any CPU
		{6C2D82B9-940F-41F2-8AEC-647748572CB3}.Debug|Any CPU.ActiveCfg = Debug|Any CPU
		{6C2D82B9-940F-41F2-8AEC-647748572CB3}.Debug|Any CPU.Build.0 = Debug|Any CPU
		{6C2D82B9-940F-41F2-8AEC-647748572CB3}.Release|Any CPU.ActiveCfg = Release|Any CPU
		{6C2D82B9-940F-41F2-8AEC-647748572CB3}.Release|Any CPU.Build.0 = Release|Any CPU
		{CC422162-C28F-4541-BDAA-86D76DB4ACDB}.Debug|Any CPU.ActiveCfg = Debug|Any CPU
		{CC422162-C28F-4541-BDAA-86D76DB4ACDB}.Debug|Any CPU.Build.0 = Debug|Any CPU
		{CC422162-C28F-4541-BDAA-86D76DB4ACDB}.Release|Any CPU.ActiveCfg = Release|Any CPU
		{CC422162-C28F-4541-BDAA-86D76DB4ACDB}.Release|Any CPU.Build.0 = Release|Any CPU
		{0D89DEBE-8FB9-4829-BC7B-22D9482A7F3A}.Debug|Any CPU.ActiveCfg = Debug|Any CPU
		{0D89DEBE-8FB9-4829-BC7B-22D9482A7F3A}.Debug|Any CPU.Build.0 = Debug|Any CPU
		{0D89DEBE-8FB9-4829-BC7B-22D9482A7F3A}.Release|Any CPU.ActiveCfg = Release|Any CPU
		{0D89DEBE-8FB9-4829-BC7B-22D9482A7F3A}.Release|Any CPU.Build.0 = Release|Any CPU
		{0246F06C-A02D-4D69-85BE-3E970C7946AC}.Debug|Any CPU.ActiveCfg = Debug|Any CPU
		{0246F06C-A02D-4D69-85BE-3E970C7946AC}.Debug|Any CPU.Build.0 = Debug|Any CPU
		{0246F06C-A02D-4D69-85BE-3E970C7946AC}.Release|Any CPU.ActiveCfg = Release|Any CPU
		{0246F06C-A02D-4D69-85BE-3E970C7946AC}.Release|Any CPU.Build.0 = Release|Any CPU
		{EF0E2C09-FB59-44FA-8C09-28FE0789381D}.Debug|Any CPU.ActiveCfg = Debug|Any CPU
		{EF0E2C09-FB59-44FA-8C09-28FE0789381D}.Debug|Any CPU.Build.0 = Debug|Any CPU
		{EF0E2C09-FB59-44FA-8C09-28FE0789381D}.Release|Any CPU.ActiveCfg = Release|Any CPU
		{EF0E2C09-FB59-44FA-8C09-28FE0789381D}.Release|Any CPU.Build.0 = Release|Any CPU
		{851C42D7-0B72-4582-8501-56BBC800CEBF}.Debug|Any CPU.ActiveCfg = Debug|Any CPU
		{851C42D7-0B72-4582-8501-56BBC800CEBF}.Debug|Any CPU.Build.0 = Debug|Any CPU
		{851C42D7-0B72-4582-8501-56BBC800CEBF}.Release|Any CPU.ActiveCfg = Release|Any CPU
		{851C42D7-0B72-4582-8501-56BBC800CEBF}.Release|Any CPU.Build.0 = Release|Any CPU
		{4AF5A558-5585-40ED-8995-072F7AC8E499}.Debug|Any CPU.ActiveCfg = Debug|Any CPU
		{4AF5A558-5585-40ED-8995-072F7AC8E499}.Debug|Any CPU.Build.0 = Debug|Any CPU
		{4AF5A558-5585-40ED-8995-072F7AC8E499}.Release|Any CPU.ActiveCfg = Release|Any CPU
		{4AF5A558-5585-40ED-8995-072F7AC8E499}.Release|Any CPU.Build.0 = Release|Any CPU
		{EB70BB89-3970-4D63-A582-16B8CDF1C854}.Debug|Any CPU.ActiveCfg = Debug|Any CPU
		{EB70BB89-3970-4D63-A582-16B8CDF1C854}.Debug|Any CPU.Build.0 = Debug|Any CPU
		{EB70BB89-3970-4D63-A582-16B8CDF1C854}.Release|Any CPU.ActiveCfg = Release|Any CPU
		{EB70BB89-3970-4D63-A582-16B8CDF1C854}.Release|Any CPU.Build.0 = Release|Any CPU
		{805BA969-9500-4148-9660-52815F07BF54}.Debug|Any CPU.ActiveCfg = Debug|Any CPU
		{805BA969-9500-4148-9660-52815F07BF54}.Debug|Any CPU.Build.0 = Debug|Any CPU
		{805BA969-9500-4148-9660-52815F07BF54}.Release|Any CPU.ActiveCfg = Release|Any CPU
		{805BA969-9500-4148-9660-52815F07BF54}.Release|Any CPU.Build.0 = Release|Any CPU
		{74C63B25-7C68-420D-8869-FFC1888621E7}.Debug|Any CPU.ActiveCfg = Debug|Any CPU
		{74C63B25-7C68-420D-8869-FFC1888621E7}.Debug|Any CPU.Build.0 = Debug|Any CPU
		{74C63B25-7C68-420D-8869-FFC1888621E7}.Release|Any CPU.ActiveCfg = Release|Any CPU
		{74C63B25-7C68-420D-8869-FFC1888621E7}.Release|Any CPU.Build.0 = Release|Any CPU
	EndGlobalSection
	GlobalSection(SolutionProperties) = preSolution
		HideSolutionNode = FALSE
	EndGlobalSection
	GlobalSection(NestedProjects) = preSolution
		{0C3727ED-308D-48CD-A8DB-F04252DC3E08} = {674E18E5-1EF4-403A-8D9E-5496B0282151}
		{6C2D82B9-940F-41F2-8AEC-647748572CB3} = {FEE96549-353F-4EAA-A6EC-8A9196CAFB74}
		{CC422162-C28F-4541-BDAA-86D76DB4ACDB} = {110DEA55-2963-407F-A1D7-379D432AE2C3}
		{B99F3043-DC8B-4EE2-95F3-809876A55898} = {5FE54B4C-3894-450B-800F-0F8277EE2180}
		{2E90BCF8-ED50-4D14-B38F-1FCD2DF014BC} = {B99F3043-DC8B-4EE2-95F3-809876A55898}
		{05CEC85F-1981-4B2A-BADC-8D95A3598D77} = {B99F3043-DC8B-4EE2-95F3-809876A55898}
		{BEF205A5-A2F5-4D4E-9D7C-12AF9F3CDCFC} = {B99F3043-DC8B-4EE2-95F3-809876A55898}
		{A3F96F8D-F306-442A-91F5-0B3EE01EA61C} = {B99F3043-DC8B-4EE2-95F3-809876A55898}
		{0D89DEBE-8FB9-4829-BC7B-22D9482A7F3A} = {BEF205A5-A2F5-4D4E-9D7C-12AF9F3CDCFC}
		{0246F06C-A02D-4D69-85BE-3E970C7946AC} = {A3F96F8D-F306-442A-91F5-0B3EE01EA61C}
		{EF0E2C09-FB59-44FA-8C09-28FE0789381D} = {05CEC85F-1981-4B2A-BADC-8D95A3598D77}
		{851C42D7-0B72-4582-8501-56BBC800CEBF} = {2E90BCF8-ED50-4D14-B38F-1FCD2DF014BC}
		{FEA39F04-44A6-421C-B01C-33AF3CF57451} = {5FE54B4C-3894-450B-800F-0F8277EE2180}
		{9F262E6E-707F-44C7-BF14-14C04F13F0B9} = {FEA39F04-44A6-421C-B01C-33AF3CF57451}
		{94580873-DF4A-4CA8-9D55-86D9DD1ED314} = {FEA39F04-44A6-421C-B01C-33AF3CF57451}
		{2EA049BC-F22A-44FD-A608-56A2ACB42E9A} = {FEA39F04-44A6-421C-B01C-33AF3CF57451}
		{87857B51-1013-4A6F-859C-5B350155173D} = {FEA39F04-44A6-421C-B01C-33AF3CF57451}
		{4AF5A558-5585-40ED-8995-072F7AC8E499} = {9F262E6E-707F-44C7-BF14-14C04F13F0B9}
		{EB70BB89-3970-4D63-A582-16B8CDF1C854} = {94580873-DF4A-4CA8-9D55-86D9DD1ED314}
		{805BA969-9500-4148-9660-52815F07BF54} = {87857B51-1013-4A6F-859C-5B350155173D}
		{74C63B25-7C68-420D-8869-FFC1888621E7} = {2EA049BC-F22A-44FD-A608-56A2ACB42E9A}
	EndGlobalSection
	GlobalSection(ExtensibilityGlobals) = postSolution
		SolutionGuid = {DE53A508-D806-4CB8-9DF1-4E69FB64369C}
	EndGlobalSection
EndGlobal
